// !$*UTF8*$!
{
	archiveVersion = 1;
	classes = {
	};
	objectVersion = 50;
	objects = {

/* Begin PBXBuildFile section */
		6EE7151325DC7BB1000E985F /* AppDelegate.swift in Sources */ = {isa = PBXBuildFile; fileRef = 6EE7151225DC7BB1000E985F /* AppDelegate.swift */; };
		6EE7151525DC7BB1000E985F /* SceneDelegate.swift in Sources */ = {isa = PBXBuildFile; fileRef = 6EE7151425DC7BB1000E985F /* SceneDelegate.swift */; };
		6EE7151725DC7BB1000E985F /* ViewController.swift in Sources */ = {isa = PBXBuildFile; fileRef = 6EE7151625DC7BB1000E985F /* ViewController.swift */; };
		6EE7151A25DC7BB1000E985F /* Main.storyboard in Resources */ = {isa = PBXBuildFile; fileRef = 6EE7151825DC7BB1000E985F /* Main.storyboard */; };
		6EE7151C25DC7BB5000E985F /* Assets.xcassets in Resources */ = {isa = PBXBuildFile; fileRef = 6EE7151B25DC7BB5000E985F /* Assets.xcassets */; };
		6EE7151F25DC7BB5000E985F /* LaunchScreen.storyboard in Resources */ = {isa = PBXBuildFile; fileRef = 6EE7151D25DC7BB5000E985F /* LaunchScreen.storyboard */; };
		6EE7152A25DC7BB6000E985F /* flixsterTests.swift in Sources */ = {isa = PBXBuildFile; fileRef = 6EE7152925DC7BB6000E985F /* flixsterTests.swift */; };
		6EE7153525DC7BB6000E985F /* flixsterUITests.swift in Sources */ = {isa = PBXBuildFile; fileRef = 6EE7153425DC7BB6000E985F /* flixsterUITests.swift */; };
/* End PBXBuildFile section */

/* Begin PBXContainerItemProxy section */
		6EE7152625DC7BB6000E985F /* PBXContainerItemProxy */ = {
			isa = PBXContainerItemProxy;
			containerPortal = 6EE7150725DC7BB1000E985F /* Project object */;
			proxyType = 1;
			remoteGlobalIDString = 6EE7150E25DC7BB1000E985F;
			remoteInfo = flixster;
		};
		6EE7153125DC7BB6000E985F /* PBXContainerItemProxy */ = {
			isa = PBXContainerItemProxy;
			containerPortal = 6EE7150725DC7BB1000E985F /* Project object */;
			proxyType = 1;
			remoteGlobalIDString = 6EE7150E25DC7BB1000E985F;
			remoteInfo = flixster;
		};
/* End PBXContainerItemProxy section */

/* Begin PBXFileReference section */
		6EE7150F25DC7BB1000E985F /* flixster.app */ = {isa = PBXFileReference; explicitFileType = wrapper.application; includeInIndex = 0; path = flixster.app; sourceTree = BUILT_PRODUCTS_DIR; };
		6EE7151225DC7BB1000E985F /* AppDelegate.swift */ = {isa = PBXFileReference; lastKnownFileType = sourcecode.swift; path = AppDelegate.swift; sourceTree = "<group>"; };
		6EE7151425DC7BB1000E985F /* SceneDelegate.swift */ = {isa = PBXFileReference; lastKnownFileType = sourcecode.swift; path = SceneDelegate.swift; sourceTree = "<group>"; };
		6EE7151625DC7BB1000E985F /* ViewController.swift */ = {isa = PBXFileReference; lastKnownFileType = sourcecode.swift; path = ViewController.swift; sourceTree = "<group>"; };
		6EE7151925DC7BB1000E985F /* Base */ = {isa = PBXFileReference; lastKnownFileType = file.storyboard; name = Base; path = Base.lproj/Main.storyboard; sourceTree = "<group>"; };
		6EE7151B25DC7BB5000E985F /* Assets.xcassets */ = {isa = PBXFileReference; lastKnownFileType = folder.assetcatalog; path = Assets.xcassets; sourceTree = "<group>"; };
		6EE7151E25DC7BB5000E985F /* Base */ = {isa = PBXFileReference; lastKnownFileType = file.storyboard; name = Base; path = Base.lproj/LaunchScreen.storyboard; sourceTree = "<group>"; };
		6EE7152025DC7BB5000E985F /* Info.plist */ = {isa = PBXFileReference; lastKnownFileType = text.plist.xml; path = Info.plist; sourceTree = "<group>"; };
		6EE7152525DC7BB6000E985F /* flixsterTests.xctest */ = {isa = PBXFileReference; explicitFileType = wrapper.cfbundle; includeInIndex = 0; path = flixsterTests.xctest; sourceTree = BUILT_PRODUCTS_DIR; };
		6EE7152925DC7BB6000E985F /* flixsterTests.swift */ = {isa = PBXFileReference; lastKnownFileType = sourcecode.swift; path = flixsterTests.swift; sourceTree = "<group>"; };
		6EE7152B25DC7BB6000E985F /* Info.plist */ = {isa = PBXFileReference; lastKnownFileType = text.plist.xml; path = Info.plist; sourceTree = "<group>"; };
		6EE7153025DC7BB6000E985F /* flixsterUITests.xctest */ = {isa = PBXFileReference; explicitFileType = wrapper.cfbundle; includeInIndex = 0; path = flixsterUITests.xctest; sourceTree = BUILT_PRODUCTS_DIR; };
		6EE7153425DC7BB6000E985F /* flixsterUITests.swift */ = {isa = PBXFileReference; lastKnownFileType = sourcecode.swift; path = flixsterUITests.swift; sourceTree = "<group>"; };
		6EE7153625DC7BB6000E985F /* Info.plist */ = {isa = PBXFileReference; lastKnownFileType = text.plist.xml; path = Info.plist; sourceTree = "<group>"; };
/* End PBXFileReference section */

/* Begin PBXFrameworksBuildPhase section */
		6EE7150C25DC7BB1000E985F /* Frameworks */ = {
			isa = PBXFrameworksBuildPhase;
			buildActionMask = 2147483647;
			files = (
			);
			runOnlyForDeploymentPostprocessing = 0;
		};
		6EE7152225DC7BB6000E985F /* Frameworks */ = {
			isa = PBXFrameworksBuildPhase;
			buildActionMask = 2147483647;
			files = (
			);
			runOnlyForDeploymentPostprocessing = 0;
		};
		6EE7152D25DC7BB6000E985F /* Frameworks */ = {
			isa = PBXFrameworksBuildPhase;
			buildActionMask = 2147483647;
			files = (
			);
			runOnlyForDeploymentPostprocessing = 0;
		};
/* End PBXFrameworksBuildPhase section */

/* Begin PBXGroup section */
		6EE7150625DC7BB1000E985F = {
			isa = PBXGroup;
			children = (
				6EE7151125DC7BB1000E985F /* flixster */,
				6EE7152825DC7BB6000E985F /* flixsterTests */,
				6EE7153325DC7BB6000E985F /* flixsterUITests */,
				6EE7151025DC7BB1000E985F /* Products */,
			);
			sourceTree = "<group>";
		};
		6EE7151025DC7BB1000E985F /* Products */ = {
			isa = PBXGroup;
			children = (
				6EE7150F25DC7BB1000E985F /* flixster.app */,
				6EE7152525DC7BB6000E985F /* flixsterTests.xctest */,
				6EE7153025DC7BB6000E985F /* flixsterUITests.xctest */,
			);
			name = Products;
			sourceTree = "<group>";
		};
		6EE7151125DC7BB1000E985F /* flixster */ = {
			isa = PBXGroup;
			children = (
				6EE7151225DC7BB1000E985F /* AppDelegate.swift */,
				6EE7151425DC7BB1000E985F /* SceneDelegate.swift */,
				6EE7151625DC7BB1000E985F /* ViewController.swift */,
				6EE7151825DC7BB1000E985F /* Main.storyboard */,
				6EE7151B25DC7BB5000E985F /* Assets.xcassets */,
				6EE7151D25DC7BB5000E985F /* LaunchScreen.storyboard */,
				6EE7152025DC7BB5000E985F /* Info.plist */,
			);
			path = flixster;
			sourceTree = "<group>";
		};
		6EE7152825DC7BB6000E985F /* flixsterTests */ = {
			isa = PBXGroup;
			children = (
				6EE7152925DC7BB6000E985F /* flixsterTests.swift */,
				6EE7152B25DC7BB6000E985F /* Info.plist */,
			);
			path = flixsterTests;
			sourceTree = "<group>";
		};
		6EE7153325DC7BB6000E985F /* flixsterUITests */ = {
			isa = PBXGroup;
			children = (
				6EE7153425DC7BB6000E985F /* flixsterUITests.swift */,
				6EE7153625DC7BB6000E985F /* Info.plist */,
			);
			path = flixsterUITests;
			sourceTree = "<group>";
		};
/* End PBXGroup section */

/* Begin PBXNativeTarget section */
		6EE7150E25DC7BB1000E985F /* flixster */ = {
			isa = PBXNativeTarget;
			buildConfigurationList = 6EE7153925DC7BB6000E985F /* Build configuration list for PBXNativeTarget "flixster" */;
			buildPhases = (
				6EE7150B25DC7BB1000E985F /* Sources */,
				6EE7150C25DC7BB1000E985F /* Frameworks */,
				6EE7150D25DC7BB1000E985F /* Resources */,
			);
			buildRules = (
			);
			dependencies = (
			);
			name = flixster;
			productName = flixster;
			productReference = 6EE7150F25DC7BB1000E985F /* flixster.app */;
			productType = "com.apple.product-type.application";
		};
		6EE7152425DC7BB6000E985F /* flixsterTests */ = {
			isa = PBXNativeTarget;
			buildConfigurationList = 6EE7153C25DC7BB6000E985F /* Build configuration list for PBXNativeTarget "flixsterTests" */;
			buildPhases = (
				6EE7152125DC7BB6000E985F /* Sources */,
				6EE7152225DC7BB6000E985F /* Frameworks */,
				6EE7152325DC7BB6000E985F /* Resources */,
			);
			buildRules = (
			);
			dependencies = (
				6EE7152725DC7BB6000E985F /* PBXTargetDependency */,
			);
			name = flixsterTests;
			productName = flixsterTests;
			productReference = 6EE7152525DC7BB6000E985F /* flixsterTests.xctest */;
			productType = "com.apple.product-type.bundle.unit-test";
		};
		6EE7152F25DC7BB6000E985F /* flixsterUITests */ = {
			isa = PBXNativeTarget;
			buildConfigurationList = 6EE7153F25DC7BB6000E985F /* Build configuration list for PBXNativeTarget "flixsterUITests" */;
			buildPhases = (
				6EE7152C25DC7BB6000E985F /* Sources */,
				6EE7152D25DC7BB6000E985F /* Frameworks */,
				6EE7152E25DC7BB6000E985F /* Resources */,
			);
			buildRules = (
			);
			dependencies = (
				6EE7153225DC7BB6000E985F /* PBXTargetDependency */,
			);
			name = flixsterUITests;
			productName = flixsterUITests;
			productReference = 6EE7153025DC7BB6000E985F /* flixsterUITests.xctest */;
			productType = "com.apple.product-type.bundle.ui-testing";
		};
/* End PBXNativeTarget section */

/* Begin PBXProject section */
		6EE7150725DC7BB1000E985F /* Project object */ = {
			isa = PBXProject;
			attributes = {
				LastSwiftUpdateCheck = 1240;
				LastUpgradeCheck = 1240;
				TargetAttributes = {
					6EE7150E25DC7BB1000E985F = {
						CreatedOnToolsVersion = 12.4;
					};
					6EE7152425DC7BB6000E985F = {
						CreatedOnToolsVersion = 12.4;
						TestTargetID = 6EE7150E25DC7BB1000E985F;
					};
					6EE7152F25DC7BB6000E985F = {
						CreatedOnToolsVersion = 12.4;
						TestTargetID = 6EE7150E25DC7BB1000E985F;
					};
				};
			};
			buildConfigurationList = 6EE7150A25DC7BB1000E985F /* Build configuration list for PBXProject "flixster" */;
			compatibilityVersion = "Xcode 9.3";
			developmentRegion = en;
			hasScannedForEncodings = 0;
			knownRegions = (
				en,
				Base,
			);
			mainGroup = 6EE7150625DC7BB1000E985F;
			productRefGroup = 6EE7151025DC7BB1000E985F /* Products */;
			projectDirPath = "";
			projectRoot = "";
			targets = (
				6EE7150E25DC7BB1000E985F /* flixster */,
				6EE7152425DC7BB6000E985F /* flixsterTests */,
				6EE7152F25DC7BB6000E985F /* flixsterUITests */,
			);
		};
/* End PBXProject section */

/* Begin PBXResourcesBuildPhase section */
		6EE7150D25DC7BB1000E985F /* Resources */ = {
			isa = PBXResourcesBuildPhase;
			buildActionMask = 2147483647;
			files = (
				6EE7151F25DC7BB5000E985F /* LaunchScreen.storyboard in Resources */,
				6EE7151C25DC7BB5000E985F /* Assets.xcassets in Resources */,
				6EE7151A25DC7BB1000E985F /* Main.storyboard in Resources */,
			);
			runOnlyForDeploymentPostprocessing = 0;
		};
		6EE7152325DC7BB6000E985F /* Resources */ = {
			isa = PBXResourcesBuildPhase;
			buildActionMask = 2147483647;
			files = (
			);
			runOnlyForDeploymentPostprocessing = 0;
		};
		6EE7152E25DC7BB6000E985F /* Resources */ = {
			isa = PBXResourcesBuildPhase;
			buildActionMask = 2147483647;
			files = (
			);
			runOnlyForDeploymentPostprocessing = 0;
		};
/* End PBXResourcesBuildPhase section */

/* Begin PBXSourcesBuildPhase section */
		6EE7150B25DC7BB1000E985F /* Sources */ = {
			isa = PBXSourcesBuildPhase;
			buildActionMask = 2147483647;
			files = (
				6EE7151725DC7BB1000E985F /* ViewController.swift in Sources */,
				6EE7151325DC7BB1000E985F /* AppDelegate.swift in Sources */,
				6EE7151525DC7BB1000E985F /* SceneDelegate.swift in Sources */,
			);
			runOnlyForDeploymentPostprocessing = 0;
		};
		6EE7152125DC7BB6000E985F /* Sources */ = {
			isa = PBXSourcesBuildPhase;
			buildActionMask = 2147483647;
			files = (
				6EE7152A25DC7BB6000E985F /* flixsterTests.swift in Sources */,
			);
			runOnlyForDeploymentPostprocessing = 0;
		};
		6EE7152C25DC7BB6000E985F /* Sources */ = {
			isa = PBXSourcesBuildPhase;
			buildActionMask = 2147483647;
			files = (
				6EE7153525DC7BB6000E985F /* flixsterUITests.swift in Sources */,
			);
			runOnlyForDeploymentPostprocessing = 0;
		};
/* End PBXSourcesBuildPhase section */

/* Begin PBXTargetDependency section */
		6EE7152725DC7BB6000E985F /* PBXTargetDependency */ = {
			isa = PBXTargetDependency;
			target = 6EE7150E25DC7BB1000E985F /* flixster */;
			targetProxy = 6EE7152625DC7BB6000E985F /* PBXContainerItemProxy */;
		};
		6EE7153225DC7BB6000E985F /* PBXTargetDependency */ = {
			isa = PBXTargetDependency;
			target = 6EE7150E25DC7BB1000E985F /* flixster */;
			targetProxy = 6EE7153125DC7BB6000E985F /* PBXContainerItemProxy */;
		};
/* End PBXTargetDependency section */

/* Begin PBXVariantGroup section */
		6EE7151825DC7BB1000E985F /* Main.storyboard */ = {
			isa = PBXVariantGroup;
			children = (
				6EE7151925DC7BB1000E985F /* Base */,
			);
			name = Main.storyboard;
			sourceTree = "<group>";
		};
		6EE7151D25DC7BB5000E985F /* LaunchScreen.storyboard */ = {
			isa = PBXVariantGroup;
			children = (
				6EE7151E25DC7BB5000E985F /* Base */,
			);
			name = LaunchScreen.storyboard;
			sourceTree = "<group>";
		};
/* End PBXVariantGroup section */

/* Begin XCBuildConfiguration section */
		6EE7153725DC7BB6000E985F /* Debug */ = {
			isa = XCBuildConfiguration;
			buildSettings = {
				ALWAYS_SEARCH_USER_PATHS = NO;
				CLANG_ANALYZER_NONNULL = YES;
				CLANG_ANALYZER_NUMBER_OBJECT_CONVERSION = YES_AGGRESSIVE;
				CLANG_CXX_LANGUAGE_STANDARD = "gnu++14";
				CLANG_CXX_LIBRARY = "libc++";
				CLANG_ENABLE_MODULES = YES;
				CLANG_ENABLE_OBJC_ARC = YES;
				CLANG_ENABLE_OBJC_WEAK = YES;
				CLANG_WARN_BLOCK_CAPTURE_AUTORELEASING = YES;
				CLANG_WARN_BOOL_CONVERSION = YES;
				CLANG_WARN_COMMA = YES;
				CLANG_WARN_CONSTANT_CONVERSION = YES;
				CLANG_WARN_DEPRECATED_OBJC_IMPLEMENTATIONS = YES;
				CLANG_WARN_DIRECT_OBJC_ISA_USAGE = YES_ERROR;
				CLANG_WARN_DOCUMENTATION_COMMENTS = YES;
				CLANG_WARN_EMPTY_BODY = YES;
				CLANG_WARN_ENUM_CONVERSION = YES;
				CLANG_WARN_INFINITE_RECURSION = YES;
				CLANG_WARN_INT_CONVERSION = YES;
				CLANG_WARN_NON_LITERAL_NULL_CONVERSION = YES;
				CLANG_WARN_OBJC_IMPLICIT_RETAIN_SELF = YES;
				CLANG_WARN_OBJC_LITERAL_CONVERSION = YES;
				CLANG_WARN_OBJC_ROOT_CLASS = YES_ERROR;
				CLANG_WARN_QUOTED_INCLUDE_IN_FRAMEWORK_HEADER = YES;
				CLANG_WARN_RANGE_LOOP_ANALYSIS = YES;
				CLANG_WARN_STRICT_PROTOTYPES = YES;
				CLANG_WARN_SUSPICIOUS_MOVE = YES;
				CLANG_WARN_UNGUARDED_AVAILABILITY = YES_AGGRESSIVE;
				CLANG_WARN_UNREACHABLE_CODE = YES;
				CLANG_WARN__DUPLICATE_METHOD_MATCH = YES;
				COPY_PHASE_STRIP = NO;
				DEBUG_INFORMATION_FORMAT = dwarf;
				ENABLE_STRICT_OBJC_MSGSEND = YES;
				ENABLE_TESTABILITY = YES;
				GCC_C_LANGUAGE_STANDARD = gnu11;
				GCC_DYNAMIC_NO_PIC = NO;
				GCC_NO_COMMON_BLOCKS = YES;
				GCC_OPTIMIZATION_LEVEL = 0;
				GCC_PREPROCESSOR_DEFINITIONS = (
					"DEBUG=1",
					"$(inherited)",
				);
				GCC_WARN_64_TO_32_BIT_CONVERSION = YES;
				GCC_WARN_ABOUT_RETURN_TYPE = YES_ERROR;
				GCC_WARN_UNDECLARED_SELECTOR = YES;
				GCC_WARN_UNINITIALIZED_AUTOS = YES_AGGRESSIVE;
				GCC_WARN_UNUSED_FUNCTION = YES;
				GCC_WARN_UNUSED_VARIABLE = YES;
				IPHONEOS_DEPLOYMENT_TARGET = 14.4;
				MTL_ENABLE_DEBUG_INFO = INCLUDE_SOURCE;
				MTL_FAST_MATH = YES;
				ONLY_ACTIVE_ARCH = YES;
				SDKROOT = iphoneos;
				SWIFT_ACTIVE_COMPILATION_CONDITIONS = DEBUG;
				SWIFT_OPTIMIZATION_LEVEL = "-Onone";
			};
			name = Debug;
		};
		6EE7153825DC7BB6000E985F /* Release */ = {
			isa = XCBuildConfiguration;
			buildSettings = {
				ALWAYS_SEARCH_USER_PATHS = NO;
				CLANG_ANALYZER_NONNULL = YES;
				CLANG_ANALYZER_NUMBER_OBJECT_CONVERSION = YES_AGGRESSIVE;
				CLANG_CXX_LANGUAGE_STANDARD = "gnu++14";
				CLANG_CXX_LIBRARY = "libc++";
				CLANG_ENABLE_MODULES = YES;
				CLANG_ENABLE_OBJC_ARC = YES;
				CLANG_ENABLE_OBJC_WEAK = YES;
				CLANG_WARN_BLOCK_CAPTURE_AUTORELEASING = YES;
				CLANG_WARN_BOOL_CONVERSION = YES;
				CLANG_WARN_COMMA = YES;
				CLANG_WARN_CONSTANT_CONVERSION = YES;
				CLANG_WARN_DEPRECATED_OBJC_IMPLEMENTATIONS = YES;
				CLANG_WARN_DIRECT_OBJC_ISA_USAGE = YES_ERROR;
				CLANG_WARN_DOCUMENTATION_COMMENTS = YES;
				CLANG_WARN_EMPTY_BODY = YES;
				CLANG_WARN_ENUM_CONVERSION = YES;
				CLANG_WARN_INFINITE_RECURSION = YES;
				CLANG_WARN_INT_CONVERSION = YES;
				CLANG_WARN_NON_LITERAL_NULL_CONVERSION = YES;
				CLANG_WARN_OBJC_IMPLICIT_RETAIN_SELF = YES;
				CLANG_WARN_OBJC_LITERAL_CONVERSION = YES;
				CLANG_WARN_OBJC_ROOT_CLASS = YES_ERROR;
				CLANG_WARN_QUOTED_INCLUDE_IN_FRAMEWORK_HEADER = YES;
				CLANG_WARN_RANGE_LOOP_ANALYSIS = YES;
				CLANG_WARN_STRICT_PROTOTYPES = YES;
				CLANG_WARN_SUSPICIOUS_MOVE = YES;
				CLANG_WARN_UNGUARDED_AVAILABILITY = YES_AGGRESSIVE;
				CLANG_WARN_UNREACHABLE_CODE = YES;
				CLANG_WARN__DUPLICATE_METHOD_MATCH = YES;
				COPY_PHASE_STRIP = NO;
				DEBUG_INFORMATION_FORMAT = "dwarf-with-dsym";
				ENABLE_NS_ASSERTIONS = NO;
				ENABLE_STRICT_OBJC_MSGSEND = YES;
				GCC_C_LANGUAGE_STANDARD = gnu11;
				GCC_NO_COMMON_BLOCKS = YES;
				GCC_WARN_64_TO_32_BIT_CONVERSION = YES;
				GCC_WARN_ABOUT_RETURN_TYPE = YES_ERROR;
				GCC_WARN_UNDECLARED_SELECTOR = YES;
				GCC_WARN_UNINITIALIZED_AUTOS = YES_AGGRESSIVE;
				GCC_WARN_UNUSED_FUNCTION = YES;
				GCC_WARN_UNUSED_VARIABLE = YES;
				IPHONEOS_DEPLOYMENT_TARGET = 14.4;
				MTL_ENABLE_DEBUG_INFO = NO;
				MTL_FAST_MATH = YES;
				SDKROOT = iphoneos;
				SWIFT_COMPILATION_MODE = wholemodule;
				SWIFT_OPTIMIZATION_LEVEL = "-O";
				VALIDATE_PRODUCT = YES;
			};
			name = Release;
		};
		6EE7153A25DC7BB6000E985F /* Debug */ = {
			isa = XCBuildConfiguration;
			buildSettings = {
				ASSETCATALOG_COMPILER_APPICON_NAME = AppIcon;
				ASSETCATALOG_COMPILER_GLOBAL_ACCENT_COLOR_NAME = AccentColor;
				CODE_SIGN_STYLE = Automatic;
				INFOPLIST_FILE = flixster/Info.plist;
				LD_RUNPATH_SEARCH_PATHS = (
					"$(inherited)",
					"@executable_path/Frameworks",
				);
				PRODUCT_BUNDLE_IDENTIFIER = memo.com.flixster;
				PRODUCT_NAME = "$(TARGET_NAME)";
				SWIFT_VERSION = 5.0;
				TARGETED_DEVICE_FAMILY = "1,2";
			};
			name = Debug;
		};
		6EE7153B25DC7BB6000E985F /* Release */ = {
			isa = XCBuildConfiguration;
			buildSettings = {
				ASSETCATALOG_COMPILER_APPICON_NAME = AppIcon;
				ASSETCATALOG_COMPILER_GLOBAL_ACCENT_COLOR_NAME = AccentColor;
				CODE_SIGN_STYLE = Automatic;
				INFOPLIST_FILE = flixster/Info.plist;
				LD_RUNPATH_SEARCH_PATHS = (
					"$(inherited)",
					"@executable_path/Frameworks",
				);
				PRODUCT_BUNDLE_IDENTIFIER = memo.com.flixster;
				PRODUCT_NAME = "$(TARGET_NAME)";
				SWIFT_VERSION = 5.0;
				TARGETED_DEVICE_FAMILY = "1,2";
			};
			name = Release;
		};
		6EE7153D25DC7BB6000E985F /* Debug */ = {
			isa = XCBuildConfiguration;
			buildSettings = {
				ALWAYS_EMBED_SWIFT_STANDARD_LIBRARIES = YES;
				BUNDLE_LOADER = "$(TEST_HOST)";
				CODE_SIGN_STYLE = Automatic;
				INFOPLIST_FILE = flixsterTests/Info.plist;
				IPHONEOS_DEPLOYMENT_TARGET = 14.4;
				LD_RUNPATH_SEARCH_PATHS = (
					"$(inherited)",
					"@executable_path/Frameworks",
					"@loader_path/Frameworks",
				);
				PRODUCT_BUNDLE_IDENTIFIER = memo.com.flixsterTests;
				PRODUCT_NAME = "$(TARGET_NAME)";
				SWIFT_VERSION = 5.0;
				TARGETED_DEVICE_FAMILY = "1,2";
				TEST_HOST = "$(BUILT_PRODUCTS_DIR)/flixster.app/flixster";
			};
			name = Debug;
		};
		6EE7153E25DC7BB6000E985F /* Release */ = {
			isa = XCBuildConfiguration;
			buildSettings = {
				ALWAYS_EMBED_SWIFT_STANDARD_LIBRARIES = YES;
				BUNDLE_LOADER = "$(TEST_HOST)";
				CODE_SIGN_STYLE = Automatic;
				INFOPLIST_FILE = flixsterTests/Info.plist;
				IPHONEOS_DEPLOYMENT_TARGET = 14.4;
				LD_RUNPATH_SEARCH_PATHS = (
					"$(inherited)",
					"@executable_path/Frameworks",
					"@loader_path/Frameworks",
				);
				PRODUCT_BUNDLE_IDENTIFIER = memo.com.flixsterTests;
				PRODUCT_NAME = "$(TARGET_NAME)";
				SWIFT_VERSION = 5.0;
				TARGETED_DEVICE_FAMILY = "1,2";
				TEST_HOST = "$(BUILT_PRODUCTS_DIR)/flixster.app/flixster";
			};
			name = Release;
		};
		6EE7154025DC7BB6000E985F /* Debug */ = {
			isa = XCBuildConfiguration;
			buildSettings = {
				ALWAYS_EMBED_SWIFT_STANDARD_LIBRARIES = YES;
				CODE_SIGN_STYLE = Automatic;
				INFOPLIST_FILE = flixsterUITests/Info.plist;
				LD_RUNPATH_SEARCH_PATHS = (
					"$(inherited)",
					"@executable_path/Frameworks",
					"@loader_path/Frameworks",
				);
				PRODUCT_BUNDLE_IDENTIFIER = memo.com.flixsterUITests;
				PRODUCT_NAME = "$(TARGET_NAME)";
				SWIFT_VERSION = 5.0;
				TARGETED_DEVICE_FAMILY = "1,2";
				TEST_TARGET_NAME = flixster;
			};
			name = Debug;
		};
		6EE7154125DC7BB6000E985F /* Release */ = {
			isa = XCBuildConfiguration;
			buildSettings = {
				ALWAYS_EMBED_SWIFT_STANDARD_LIBRARIES = YES;
				CODE_SIGN_STYLE = Automatic;
				INFOPLIST_FILE = flixsterUITests/Info.plist;
				LD_RUNPATH_SEARCH_PATHS = (
					"$(inherited)",
					"@executable_path/Frameworks",
					"@loader_path/Frameworks",
				);
				PRODUCT_BUNDLE_IDENTIFIER = memo.com.flixsterUITests;
				PRODUCT_NAME = "$(TARGET_NAME)";
				SWIFT_VERSION = 5.0;
				TARGETED_DEVICE_FAMILY = "1,2";
				TEST_TARGET_NAME = flixster;
			};
			name = Release;
		};
/* End XCBuildConfiguration section */

/* Begin XCConfigurationList section */
		6EE7150A25DC7BB1000E985F /* Build configuration list for PBXProject "flixster" */ = {
			isa = XCConfigurationList;
			buildConfigurations = (
				6EE7153725DC7BB6000E985F /* Debug */,
				6EE7153825DC7BB6000E985F /* Release */,
			);
			defaultConfigurationIsVisible = 0;
			defaultConfigurationName = Release;
		};
		6EE7153925DC7BB6000E985F /* Build configuration list for PBXNativeTarget "flixster" */ = {
			isa = XCConfigurationList;
			buildConfigurations = (
				6EE7153A25DC7BB6000E985F /* Debug */,
				6EE7153B25DC7BB6000E985F /* Release */,
			);
			defaultConfigurationIsVisible = 0;
			defaultConfigurationName = Release;
		};
		6EE7153C25DC7BB6000E985F /* Build configuration list for PBXNativeTarget "flixsterTests" */ = {
			isa = XCConfigurationList;
			buildConfigurations = (
				6EE7153D25DC7BB6000E985F /* Debug */,
				6EE7153E25DC7BB6000E985F /* Release */,
			);
			defaultConfigurationIsVisible = 0;
			defaultConfigurationName = Release;
		};
		6EE7153F25DC7BB6000E985F /* Build configuration list for PBXNativeTarget "flixsterUITests" */ = {
			isa = XCConfigurationList;
			buildConfigurations = (
				6EE7154025DC7BB6000E985F /* Debug */,
				6EE7154125DC7BB6000E985F /* Release */,
			);
			defaultConfigurationIsVisible = 0;
			defaultConfigurationName = Release;
		};
/* End XCConfigurationList section */
	};
	rootObject = 6EE7150725DC7BB1000E985F /* Project object */;
}
